
Microsoft Visual Studio Solution File, Format Version 12.00
# Visual Studio Version 16
VisualStudioVersion = 16.0.29613.14
MinimumVisualStudioVersion = 10.0.40219.1
Project("{FAE04EC0-301F-11D3-BF4B-00C04F79EFBC}") = "chromium-overlay", "chromium-overlay\chromium-overlay.csproj", "{089D202C-F4AA-4CB3-9491-A6D18D3EE090}"
EndProject
Global
	GlobalSection(SolutionConfigurationPlatforms) = preSolution
		Debug|Any CPU = Debug|Any CPU
		Debug|x64 = Debug|x64
		Release|Any CPU = Release|Any CPU
		Release|x64 = Release|x64
	EndGlobalSection
	GlobalSection(ProjectConfigurationPlatforms) = postSolution
		{089D202C-F4AA-4CB3-9491-A6D18D3EE090}.Debug|Any CPU.ActiveCfg = Debug|Any CPU
		{089D202C-F4AA-4CB3-9491-A6D18D3EE090}.Debug|Any CPU.Build.0 = Debug|Any CPU
		{089D202C-F4AA-4CB3-9491-A6D18D3EE090}.Debug|x64.ActiveCfg = Debug|x64
		{089D202C-F4AA-4CB3-9491-A6D18D3EE090}.Debug|x64.Build.0 = Debug|x64
		{089D202C-F4AA-4CB3-9491-A6D18D3EE090}.Release|Any CPU.ActiveCfg = Release|Any CPU
		{089D202C-F4AA-4CB3-9491-A6D18D3EE090}.Release|Any CPU.Build.0 = Release|Any CPU
		{089D202C-F4AA-4CB3-9491-A6D18D3EE090}.Release|x64.ActiveCfg = Release|x64
		{089D202C-F4AA-4CB3-9491-A6D18D3EE090}.Release|x64.Build.0 = Release|x64
	EndGlobalSection
	GlobalSection(SolutionProperties) = preSolution
		HideSolutionNode = FALSE
	EndGlobalSection
	GlobalSection(ExtensibilityGlobals) = postSolution
		SolutionGuid = {6ADBD8AB-3E5D-4FF7-8A33-509F32917608}
	EndGlobalSection
EndGlobal
